
Microsoft Visual Studio Solution File, Format Version 12.00
# Visual Studio Version 17
VisualStudioVersion = 17.8.34525.116
MinimumVisualStudioVersion = 10.0.40219.1
Project("{9A19103F-16F7-4668-BE54-9A1E7A4F7556}") = "OnlineBankingApp", "OnlineBankingApp\OnlineBankingApp.csproj", "{3C55B4DA-9ED3-45B3-BF6E-BBC372CDD67C}"
EndProject
Project("{9A19103F-16F7-4668-BE54-9A1E7A4F7556}") = "OnlineBankingApp.Core", "OnlineBankingApp.Core\OnlineBankingApp.Core.csproj", "{D203769A-A272-4122-83A3-DDEBB53C7F3B}"
EndProject
Project("{9A19103F-16F7-4668-BE54-9A1E7A4F7556}") = "OnlineBankingApp.Infrastructure", "OnlineBankingApp.Infrastructure\OnlineBankingApp.Infrastructure.csproj", "{9DB6BEBC-1FB1-4920-9DC9-91F699FD943C}"
EndProject
Project("{2150E333-8FDC-42A3-9474-1A3956D46DE8}") = "Solution Items", "Solution Items", "{2273BE4B-324A-402E-AD41-FB1E5EF1089E}"
	ProjectSection(SolutionItems) = preProject
		.gitignore = .gitignore
	EndProjectSection
EndProject
Project("{FAE04EC0-301F-11D3-BF4B-00C04F79EFBC}") = "OnlineBankingApp.Tests", "OnlineBankingApp.Tests\OnlineBankingApp.Tests.csproj", "{AD874EBC-085F-48D8-B3CC-9E5DAC5C3856}"
EndProject
Global
	GlobalSection(SolutionConfigurationPlatforms) = preSolution
		Debug|Any CPU = Debug|Any CPU
		Release|Any CPU = Release|Any CPU
	EndGlobalSection
	GlobalSection(ProjectConfigurationPlatforms) = postSolution
		{3C55B4DA-9ED3-45B3-BF6E-BBC372CDD67C}.Debug|Any CPU.ActiveCfg = Debug|Any CPU
		{3C55B4DA-9ED3-45B3-BF6E-BBC372CDD67C}.Debug|Any CPU.Build.0 = Debug|Any CPU
		{3C55B4DA-9ED3-45B3-BF6E-BBC372CDD67C}.Release|Any CPU.ActiveCfg = Release|Any CPU
		{3C55B4DA-9ED3-45B3-BF6E-BBC372CDD67C}.Release|Any CPU.Build.0 = Release|Any CPU
		{D203769A-A272-4122-83A3-DDEBB53C7F3B}.Debug|Any CPU.ActiveCfg = Debug|Any CPU
		{D203769A-A272-4122-83A3-DDEBB53C7F3B}.Debug|Any CPU.Build.0 = Debug|Any CPU
		{D203769A-A272-4122-83A3-DDEBB53C7F3B}.Release|Any CPU.ActiveCfg = Release|Any CPU
		{D203769A-A272-4122-83A3-DDEBB53C7F3B}.Release|Any CPU.Build.0 = Release|Any CPU
		{9DB6BEBC-1FB1-4920-9DC9-91F699FD943C}.Debug|Any CPU.ActiveCfg = Debug|Any CPU
		{9DB6BEBC-1FB1-4920-9DC9-91F699FD943C}.Debug|Any CPU.Build.0 = Debug|Any CPU
		{9DB6BEBC-1FB1-4920-9DC9-91F699FD943C}.Release|Any CPU.ActiveCfg = Release|Any CPU
		{9DB6BEBC-1FB1-4920-9DC9-91F699FD943C}.Release|Any CPU.Build.0 = Release|Any CPU
		{AD874EBC-085F-48D8-B3CC-9E5DAC5C3856}.Debug|Any CPU.ActiveCfg = Debug|Any CPU
		{AD874EBC-085F-48D8-B3CC-9E5DAC5C3856}.Debug|Any CPU.Build.0 = Debug|Any CPU
		{AD874EBC-085F-48D8-B3CC-9E5DAC5C3856}.Release|Any CPU.ActiveCfg = Release|Any CPU
		{AD874EBC-085F-48D8-B3CC-9E5DAC5C3856}.Release|Any CPU.Build.0 = Release|Any CPU
	EndGlobalSection
	GlobalSection(SolutionProperties) = preSolution
		HideSolutionNode = FALSE
	EndGlobalSection
	GlobalSection(ExtensibilityGlobals) = postSolution
		SolutionGuid = {ED14AE41-1C5B-49D5-AD65-EA783BA2F8CE}
	EndGlobalSection
EndGlobal
